{
  "name": "mobile-quiz",
  "version": "1.0.0",
  "lockfileVersion": 2,
  "requires": true,
  "packages": {
    "": {
      "name": "mobile-quiz",
      "version": "1.0.0",
      "license": "ISC",
      "dependencies": {
        "create-expo-app": "^2.0.3"
      }
    },
    "node_modules/create-expo-app": {
      "version": "2.0.3",
      "resolved": "https://registry.npmjs.org/create-expo-app/-/create-expo-app-2.0.3.tgz",
      "integrity": "sha512-OYonXHAVAbTfNaotvP0EJ97mEdYcNSLuV9JS0E2Kg1kXd9z4whr1wFOIvt4W9TF84ofAA25eFPgvIvCUze5hEA==",
      "bin": {
        "create-expo-app": "build/index.js"
      }
    }
  },
  "dependencies": {
    "create-expo-app": {
      "version": "2.0.3",
      "resolved": "https://registry.npmjs.org/create-expo-app/-/create-expo-app-2.0.3.tgz",
      "integrity": "sha512-OYonXHAVAbTfNaotvP0EJ97mEdYcNSLuV9JS0E2Kg1kXd9z4whr1wFOIvt4W9TF84ofAA25eFPgvIvCUze5hEA=="
    }
  }
}
